// !$*UTF8*$!
{
	archiveVersion = 1;
	classes = {
	};
	objectVersion = 46;
	objects = {

/* Begin PBXBuildFile section */
		515AE240FB8AC3F18E4C6F82 /* Pods_CompareTestFramework.framework in Frameworks */ = {isa = PBXBuildFile; fileRef = F2611B61AF62A14B75D1AB64 /* Pods_CompareTestFramework.framework */; };
		9375CADF1F23A15700F5B85C /* User.swift in Sources */ = {isa = PBXBuildFile; fileRef = 9375CADE1F23A15700F5B85C /* User.swift */; };
		9375CAE11F23A23500F5B85C /* Tweet.swift in Sources */ = {isa = PBXBuildFile; fileRef = 9375CAE01F23A23500F5B85C /* Tweet.swift */; };
		9385E3B81F236BE4009768AD /* AppDelegate.swift in Sources */ = {isa = PBXBuildFile; fileRef = 9385E3B71F236BE4009768AD /* AppDelegate.swift */; };
		9385E3BA1F236BE4009768AD /* TimelineViewController.swift in Sources */ = {isa = PBXBuildFile; fileRef = 9385E3B91F236BE4009768AD /* TimelineViewController.swift */; };
		9385E3BF1F236BE4009768AD /* Assets.xcassets in Resources */ = {isa = PBXBuildFile; fileRef = 9385E3BE1F236BE4009768AD /* Assets.xcassets */; };
		9385E3C21F236BE4009768AD /* LaunchScreen.storyboard in Resources */ = {isa = PBXBuildFile; fileRef = 9385E3C01F236BE4009768AD /* LaunchScreen.storyboard */; };
		93C02F3E1F23A98B00213803 /* TweetTableViewCell.swift in Sources */ = {isa = PBXBuildFile; fileRef = 93C02F3D1F23A98B00213803 /* TweetTableViewCell.swift */; };
		93C02F401F23C42500213803 /* Account.swift in Sources */ = {isa = PBXBuildFile; fileRef = 93C02F3F1F23C42500213803 /* Account.swift */; };
/* End PBXBuildFile section */

/* Begin PBXFileReference section */
		2AC787DA5C9827EE88AB3832 /* Pods-CompareTestFramework.release.xcconfig */ = {isa = PBXFileReference; includeInIndex = 1; lastKnownFileType = text.xcconfig; name = "Pods-CompareTestFramework.release.xcconfig"; path = "Pods/Target Support Files/Pods-CompareTestFramework/Pods-CompareTestFramework.release.xcconfig"; sourceTree = "<group>"; };
		9375CADE1F23A15700F5B85C /* User.swift */ = {isa = PBXFileReference; fileEncoding = 4; lastKnownFileType = sourcecode.swift; path = User.swift; sourceTree = "<group>"; };
		9375CAE01F23A23500F5B85C /* Tweet.swift */ = {isa = PBXFileReference; fileEncoding = 4; lastKnownFileType = sourcecode.swift; path = Tweet.swift; sourceTree = "<group>"; };
		9385E3B41F236BE4009768AD /* CompareTestFramework.app */ = {isa = PBXFileReference; explicitFileType = wrapper.application; includeInIndex = 0; path = CompareTestFramework.app; sourceTree = BUILT_PRODUCTS_DIR; };
		9385E3B71F236BE4009768AD /* AppDelegate.swift */ = {isa = PBXFileReference; lastKnownFileType = sourcecode.swift; path = AppDelegate.swift; sourceTree = "<group>"; };
		9385E3B91F236BE4009768AD /* TimelineViewController.swift */ = {isa = PBXFileReference; lastKnownFileType = sourcecode.swift; path = TimelineViewController.swift; sourceTree = "<group>"; };
		9385E3BE1F236BE4009768AD /* Assets.xcassets */ = {isa = PBXFileReference; lastKnownFileType = folder.assetcatalog; path = Assets.xcassets; sourceTree = "<group>"; };
		9385E3C11F236BE4009768AD /* Base */ = {isa = PBXFileReference; lastKnownFileType = file.storyboard; name = Base; path = Base.lproj/LaunchScreen.storyboard; sourceTree = "<group>"; };
		9385E3C31F236BE4009768AD /* Info.plist */ = {isa = PBXFileReference; lastKnownFileType = text.plist.xml; path = Info.plist; sourceTree = "<group>"; };
		9385E3CC1F236BE4009768AD /* CompareTestFrameworkTests.swift */ = {isa = PBXFileReference; lastKnownFileType = sourcecode.swift; path = CompareTestFrameworkTests.swift; sourceTree = "<group>"; };
		9385E3CE1F236BE4009768AD /* Info.plist */ = {isa = PBXFileReference; lastKnownFileType = text.plist.xml; path = Info.plist; sourceTree = "<group>"; };
		9385E3D71F236BE4009768AD /* CompareTestFrameworkUITests.swift */ = {isa = PBXFileReference; lastKnownFileType = sourcecode.swift; path = CompareTestFrameworkUITests.swift; sourceTree = "<group>"; };
		9385E3D91F236BE4009768AD /* Info.plist */ = {isa = PBXFileReference; lastKnownFileType = text.plist.xml; path = Info.plist; sourceTree = "<group>"; };
		93C02F3D1F23A98B00213803 /* TweetTableViewCell.swift */ = {isa = PBXFileReference; fileEncoding = 4; lastKnownFileType = sourcecode.swift; path = TweetTableViewCell.swift; sourceTree = "<group>"; };
		93C02F3F1F23C42500213803 /* Account.swift */ = {isa = PBXFileReference; fileEncoding = 4; lastKnownFileType = sourcecode.swift; path = Account.swift; sourceTree = "<group>"; };
		DB957194FB46D215EC52CF73 /* Pods-CompareTestFramework.debug.xcconfig */ = {isa = PBXFileReference; includeInIndex = 1; lastKnownFileType = text.xcconfig; name = "Pods-CompareTestFramework.debug.xcconfig"; path = "Pods/Target Support Files/Pods-CompareTestFramework/Pods-CompareTestFramework.debug.xcconfig"; sourceTree = "<group>"; };
		F2611B61AF62A14B75D1AB64 /* Pods_CompareTestFramework.framework */ = {isa = PBXFileReference; explicitFileType = wrapper.framework; includeInIndex = 0; path = Pods_CompareTestFramework.framework; sourceTree = BUILT_PRODUCTS_DIR; };
/* End PBXFileReference section */

/* Begin PBXFrameworksBuildPhase section */
		9385E3B11F236BE4009768AD /* Frameworks */ = {
			isa = PBXFrameworksBuildPhase;
			buildActionMask = 2147483647;
			files = (
				515AE240FB8AC3F18E4C6F82 /* Pods_CompareTestFramework.framework in Frameworks */,
			);
			runOnlyForDeploymentPostprocessing = 0;
		};
/* End PBXFrameworksBuildPhase section */

/* Begin PBXGroup section */
		3EB556F40F9AD1572255C8A6 /* Frameworks */ = {
			isa = PBXGroup;
			children = (
				F2611B61AF62A14B75D1AB64 /* Pods_CompareTestFramework.framework */,
			);
			name = Frameworks;
			sourceTree = "<group>";
		};
		9385E3AB1F236BE4009768AD = {
			isa = PBXGroup;
			children = (
				9385E3B61F236BE4009768AD /* CompareTestFramework */,
				9385E3CB1F236BE4009768AD /* CompareTestFrameworkTests */,
				9385E3D61F236BE4009768AD /* CompareTestFrameworkUITests */,
				9385E3B51F236BE4009768AD /* Products */,
				F8F80284D9066E2F81BA518A /* Pods */,
				3EB556F40F9AD1572255C8A6 /* Frameworks */,
			);
			sourceTree = "<group>";
		};
		9385E3B51F236BE4009768AD /* Products */ = {
			isa = PBXGroup;
			children = (
				9385E3B41F236BE4009768AD /* CompareTestFramework.app */,
			);
			name = Products;
			sourceTree = "<group>";
		};
		9385E3B61F236BE4009768AD /* CompareTestFramework */ = {
			isa = PBXGroup;
			children = (
				9385E3B71F236BE4009768AD /* AppDelegate.swift */,
				9375CADE1F23A15700F5B85C /* User.swift */,
				9375CAE01F23A23500F5B85C /* Tweet.swift */,
				9385E3B91F236BE4009768AD /* TimelineViewController.swift */,
				93C02F3D1F23A98B00213803 /* TweetTableViewCell.swift */,
				9385E3BE1F236BE4009768AD /* Assets.xcassets */,
				9385E3C01F236BE4009768AD /* LaunchScreen.storyboard */,
				9385E3C31F236BE4009768AD /* Info.plist */,
				93C02F3F1F23C42500213803 /* Account.swift */,
			);
			path = CompareTestFramework;
			sourceTree = "<group>";
		};
		9385E3CB1F236BE4009768AD /* CompareTestFrameworkTests */ = {
			isa = PBXGroup;
			children = (
				9385E3CC1F236BE4009768AD /* CompareTestFrameworkTests.swift */,
				9385E3CE1F236BE4009768AD /* Info.plist */,
			);
			path = CompareTestFrameworkTests;
			sourceTree = "<group>";
		};
		9385E3D61F236BE4009768AD /* CompareTestFrameworkUITests */ = {
			isa = PBXGroup;
			children = (
				9385E3D71F236BE4009768AD /* CompareTestFrameworkUITests.swift */,
				9385E3D91F236BE4009768AD /* Info.plist */,
			);
			path = CompareTestFrameworkUITests;
			sourceTree = "<group>";
		};
		F8F80284D9066E2F81BA518A /* Pods */ = {
			isa = PBXGroup;
			children = (
				DB957194FB46D215EC52CF73 /* Pods-CompareTestFramework.debug.xcconfig */,
				2AC787DA5C9827EE88AB3832 /* Pods-CompareTestFramework.release.xcconfig */,
			);
			name = Pods;
			sourceTree = "<group>";
		};
/* End PBXGroup section */

/* Begin PBXNativeTarget section */
		9385E3B31F236BE4009768AD /* CompareTestFramework */ = {
			isa = PBXNativeTarget;
			buildConfigurationList = 9385E3DC1F236BE4009768AD /* Build configuration list for PBXNativeTarget "CompareTestFramework" */;
			buildPhases = (
				9B2552CD38C2CB32BC04A135 /* [CP] Check Pods Manifest.lock */,
				9385E3B01F236BE4009768AD /* Sources */,
				9385E3B11F236BE4009768AD /* Frameworks */,
				9385E3B21F236BE4009768AD /* Resources */,
				80ED3BEC90893B3355B8FA82 /* [CP] Embed Pods Frameworks */,
				A8F2573B0243649AF722CACA /* [CP] Copy Pods Resources */,
			);
			buildRules = (
			);
			dependencies = (
			);
			name = CompareTestFramework;
			productName = CompareTestFramework;
			productReference = 9385E3B41F236BE4009768AD /* CompareTestFramework.app */;
			productType = "com.apple.product-type.application";
		};
/* End PBXNativeTarget section */

/* Begin PBXProject section */
		9385E3AC1F236BE4009768AD /* Project object */ = {
			isa = PBXProject;
			attributes = {
				LastSwiftUpdateCheck = 0830;
				LastUpgradeCheck = 0830;
				ORGANIZATIONNAME = shymst;
				TargetAttributes = {
					9385E3B31F236BE4009768AD = {
						CreatedOnToolsVersion = 8.3.2;
						DevelopmentTeam = C243N7XQ4C;
						ProvisioningStyle = Automatic;
					};
				};
			};
			buildConfigurationList = 9385E3AF1F236BE4009768AD /* Build configuration list for PBXProject "CompareTestFramework" */;
			compatibilityVersion = "Xcode 3.2";
			developmentRegion = English;
			hasScannedForEncodings = 0;
			knownRegions = (
				en,
				Base,
			);
			mainGroup = 9385E3AB1F236BE4009768AD;
			productRefGroup = 9385E3B51F236BE4009768AD /* Products */;
			projectDirPath = "";
			projectRoot = "";
			targets = (
				9385E3B31F236BE4009768AD /* CompareTestFramework */,
			);
		};
/* End PBXProject section */

/* Begin PBXResourcesBuildPhase section */
		9385E3B21F236BE4009768AD /* Resources */ = {
			isa = PBXResourcesBuildPhase;
			buildActionMask = 2147483647;
			files = (
				9385E3C21F236BE4009768AD /* LaunchScreen.storyboard in Resources */,
				9385E3BF1F236BE4009768AD /* Assets.xcassets in Resources */,
			);
			runOnlyForDeploymentPostprocessing = 0;
		};
/* End PBXResourcesBuildPhase section */

/* Begin PBXShellScriptBuildPhase section */
		80ED3BEC90893B3355B8FA82 /* [CP] Embed Pods Frameworks */ = {
			isa = PBXShellScriptBuildPhase;
			buildActionMask = 2147483647;
			files = (
			);
			inputPaths = (
			);
			name = "[CP] Embed Pods Frameworks";
			outputPaths = (
			);
			runOnlyForDeploymentPostprocessing = 0;
			shellPath = /bin/sh;
			shellScript = "\"${SRCROOT}/Pods/Target Support Files/Pods-CompareTestFramework/Pods-CompareTestFramework-frameworks.sh\"\n";
			showEnvVarsInLog = 0;
		};
		9B2552CD38C2CB32BC04A135 /* [CP] Check Pods Manifest.lock */ = {
			isa = PBXShellScriptBuildPhase;
			buildActionMask = 2147483647;
			files = (
			);
			inputPaths = (
			);
			name = "[CP] Check Pods Manifest.lock";
			outputPaths = (
			);
			runOnlyForDeploymentPostprocessing = 0;
			shellPath = /bin/sh;
			shellScript = "diff \"${PODS_PODFILE_DIR_PATH}/Podfile.lock\" \"${PODS_ROOT}/Manifest.lock\" > /dev/null\nif [ $? != 0 ] ; then\n    # print error to STDERR\n    echo \"error: The sandbox is not in sync with the Podfile.lock. Run 'pod install' or update your CocoaPods installation.\" >&2\n    exit 1\nfi\n";
			showEnvVarsInLog = 0;
		};
		A8F2573B0243649AF722CACA /* [CP] Copy Pods Resources */ = {
			isa = PBXShellScriptBuildPhase;
			buildActionMask = 2147483647;
			files = (
			);
			inputPaths = (
			);
			name = "[CP] Copy Pods Resources";
			outputPaths = (
			);
			runOnlyForDeploymentPostprocessing = 0;
			shellPath = /bin/sh;
			shellScript = "\"${SRCROOT}/Pods/Target Support Files/Pods-CompareTestFramework/Pods-CompareTestFramework-resources.sh\"\n";
			showEnvVarsInLog = 0;
		};
/* End PBXShellScriptBuildPhase section */

/* Begin PBXSourcesBuildPhase section */
		9385E3B01F236BE4009768AD /* Sources */ = {
			isa = PBXSourcesBuildPhase;
			buildActionMask = 2147483647;
			files = (
				9385E3BA1F236BE4009768AD /* TimelineViewController.swift in Sources */,
				9385E3B81F236BE4009768AD /* AppDelegate.swift in Sources */,
				9375CADF1F23A15700F5B85C /* User.swift in Sources */,
				93C02F3E1F23A98B00213803 /* TweetTableViewCell.swift in Sources */,
				9375CAE11F23A23500F5B85C /* Tweet.swift in Sources */,
				93C02F401F23C42500213803 /* Account.swift in Sources */,
			);
			runOnlyForDeploymentPostprocessing = 0;
		};
/* End PBXSourcesBuildPhase section */

/* Begin PBXVariantGroup section */
		9385E3C01F236BE4009768AD /* LaunchScreen.storyboard */ = {
			isa = PBXVariantGroup;
			children = (
				9385E3C11F236BE4009768AD /* Base */,
			);
			name = LaunchScreen.storyboard;
			sourceTree = "<group>";
		};
/* End PBXVariantGroup section */

/* Begin XCBuildConfiguration section */
		9385E3DA1F236BE4009768AD /* Debug */ = {
			isa = XCBuildConfiguration;
			buildSettings = {
				ALWAYS_SEARCH_USER_PATHS = NO;
				CLANG_ANALYZER_NONNULL = YES;
				CLANG_ANALYZER_NUMBER_OBJECT_CONVERSION = YES_AGGRESSIVE;
				CLANG_CXX_LANGUAGE_STANDARD = "gnu++0x";
				CLANG_CXX_LIBRARY = "libc++";
				CLANG_ENABLE_MODULES = YES;
				CLANG_ENABLE_OBJC_ARC = YES;
				CLANG_WARN_BOOL_CONVERSION = YES;
				CLANG_WARN_CONSTANT_CONVERSION = YES;
				CLANG_WARN_DIRECT_OBJC_ISA_USAGE = YES_ERROR;
				CLANG_WARN_DOCUMENTATION_COMMENTS = YES;
				CLANG_WARN_EMPTY_BODY = YES;
				CLANG_WARN_ENUM_CONVERSION = YES;
				CLANG_WARN_INFINITE_RECURSION = YES;
				CLANG_WARN_INT_CONVERSION = YES;
				CLANG_WARN_OBJC_ROOT_CLASS = YES_ERROR;
				CLANG_WARN_SUSPICIOUS_MOVE = YES;
				CLANG_WARN_UNREACHABLE_CODE = YES;
				CLANG_WARN__DUPLICATE_METHOD_MATCH = YES;
				"CODE_SIGN_IDENTITY[sdk=iphoneos*]" = "iPhone Developer";
				COPY_PHASE_STRIP = NO;
				DEBUG_INFORMATION_FORMAT = dwarf;
				ENABLE_STRICT_OBJC_MSGSEND = YES;
				ENABLE_TESTABILITY = YES;
				GCC_C_LANGUAGE_STANDARD = gnu99;
				GCC_DYNAMIC_NO_PIC = NO;
				GCC_NO_COMMON_BLOCKS = YES;
				GCC_OPTIMIZATION_LEVEL = 0;
				GCC_PREPROCESSOR_DEFINITIONS = (
					"DEBUG=1",
					"$(inherited)",
				);
				GCC_WARN_64_TO_32_BIT_CONVERSION = YES;
				GCC_WARN_ABOUT_RETURN_TYPE = YES_ERROR;
				GCC_WARN_UNDECLARED_SELECTOR = YES;
				GCC_WARN_UNINITIALIZED_AUTOS = YES_AGGRESSIVE;
				GCC_WARN_UNUSED_FUNCTION = YES;
				GCC_WARN_UNUSED_VARIABLE = YES;
				IPHONEOS_DEPLOYMENT_TARGET = 9.0;
				MTL_ENABLE_DEBUG_INFO = YES;
				ONLY_ACTIVE_ARCH = YES;
				SDKROOT = iphoneos;
				SWIFT_ACTIVE_COMPILATION_CONDITIONS = DEBUG;
				SWIFT_OPTIMIZATION_LEVEL = "-Onone";
			};
			name = Debug;
		};
		9385E3DB1F236BE4009768AD /* Release */ = {
			isa = XCBuildConfiguration;
			buildSettings = {
				ALWAYS_SEARCH_USER_PATHS = NO;
				CLANG_ANALYZER_NONNULL = YES;
				CLANG_ANALYZER_NUMBER_OBJECT_CONVERSION = YES_AGGRESSIVE;
				CLANG_CXX_LANGUAGE_STANDARD = "gnu++0x";
				CLANG_CXX_LIBRARY = "libc++";
				CLANG_ENABLE_MODULES = YES;
				CLANG_ENABLE_OBJC_ARC = YES;
				CLANG_WARN_BOOL_CONVERSION = YES;
				CLANG_WARN_CONSTANT_CONVERSION = YES;
				CLANG_WARN_DIRECT_OBJC_ISA_USAGE = YES_ERROR;
				CLANG_WARN_DOCUMENTATION_COMMENTS = YES;
				CLANG_WARN_EMPTY_BODY = YES;
				CLANG_WARN_ENUM_CONVERSION = YES;
				CLANG_WARN_INFINITE_RECURSION = YES;
				CLANG_WARN_INT_CONVERSION = YES;
				CLANG_WARN_OBJC_ROOT_CLASS = YES_ERROR;
				CLANG_WARN_SUSPICIOUS_MOVE = YES;
				CLANG_WARN_UNREACHABLE_CODE = YES;
				CLANG_WARN__DUPLICATE_METHOD_MATCH = YES;
				"CODE_SIGN_IDENTITY[sdk=iphoneos*]" = "iPhone Developer";
				COPY_PHASE_STRIP = NO;
				DEBUG_INFORMATION_FORMAT = "dwarf-with-dsym";
				ENABLE_NS_ASSERTIONS = NO;
				ENABLE_STRICT_OBJC_MSGSEND = YES;
				GCC_C_LANGUAGE_STANDARD = gnu99;
				GCC_NO_COMMON_BLOCKS = YES;
				GCC_WARN_64_TO_32_BIT_CONVERSION = YES;
				GCC_WARN_ABOUT_RETURN_TYPE = YES_ERROR;
				GCC_WARN_UNDECLARED_SELECTOR = YES;
				GCC_WARN_UNINITIALIZED_AUTOS = YES_AGGRESSIVE;
				GCC_WARN_UNUSED_FUNCTION = YES;
				GCC_WARN_UNUSED_VARIABLE = YES;
				IPHONEOS_DEPLOYMENT_TARGET = 9.0;
				MTL_ENABLE_DEBUG_INFO = NO;
				SDKROOT = iphoneos;
				SWIFT_OPTIMIZATION_LEVEL = "-Owholemodule";
				VALIDATE_PRODUCT = YES;
			};
			name = Release;
		};
		9385E3DD1F236BE4009768AD /* Debug */ = {
			isa = XCBuildConfiguration;
			baseConfigurationReference = DB957194FB46D215EC52CF73 /* Pods-CompareTestFramework.debug.xcconfig */;
			buildSettings = {
				ALWAYS_EMBED_SWIFT_STANDARD_LIBRARIES = NO;
				ASSETCATALOG_COMPILER_APPICON_NAME = AppIcon;
				DEVELOPMENT_TEAM = C243N7XQ4C;
				ENABLE_TESTABILITY = NO;
				INFOPLIST_FILE = CompareTestFramework/Info.plist;
				LD_RUNPATH_SEARCH_PATHS = "$(inherited) @executable_path/Frameworks";
				PRODUCT_BUNDLE_IDENTIFIER = com.CompareTestFramework;
				PRODUCT_NAME = "$(TARGET_NAME)";
				SWIFT_VERSION = 3.0;
			};
			name = Debug;
		};
		9385E3DE1F236BE4009768AD /* Release */ = {
			isa = XCBuildConfiguration;
			baseConfigurationReference = 2AC787DA5C9827EE88AB3832 /* Pods-CompareTestFramework.release.xcconfig */;
			buildSettings = {
				ALWAYS_EMBED_SWIFT_STANDARD_LIBRARIES = NO;
				ASSETCATALOG_COMPILER_APPICON_NAME = AppIcon;
				DEVELOPMENT_TEAM = C243N7XQ4C;
				INFOPLIST_FILE = CompareTestFramework/Info.plist;
				LD_RUNPATH_SEARCH_PATHS = "$(inherited) @executable_path/Frameworks";
				PRODUCT_BUNDLE_IDENTIFIER = com.CompareTestFramework;
				PRODUCT_NAME = "$(TARGET_NAME)";
				SWIFT_VERSION = 3.0;
			};
			name = Release;
		};
/* End XCBuildConfiguration section */

/* Begin XCConfigurationList section */
		9385E3AF1F236BE4009768AD /* Build configuration list for PBXProject "CompareTestFramework" */ = {
			isa = XCConfigurationList;
			buildConfigurations = (
				9385E3DA1F236BE4009768AD /* Debug */,
				9385E3DB1F236BE4009768AD /* Release */,
			);
			defaultConfigurationIsVisible = 0;
			defaultConfigurationName = Release;
		};
		9385E3DC1F236BE4009768AD /* Build configuration list for PBXNativeTarget "CompareTestFramework" */ = {
			isa = XCConfigurationList;
			buildConfigurations = (
				9385E3DD1F236BE4009768AD /* Debug */,
				9385E3DE1F236BE4009768AD /* Release */,
			);
			defaultConfigurationIsVisible = 0;
			defaultConfigurationName = Release;
		};
/* End XCConfigurationList section */
	};
	rootObject = 9385E3AC1F236BE4009768AD /* Project object */;
}
